
Microsoft Visual Studio Solution File, Format Version 12.00
Project("{FAE04EC0-301F-11D3-BF4B-00C04F79EFBC}") = "Fend.Scanner.Infrastructure", "src\Fend.Scanner.Infrastructure\Fend.Scanner.Infrastructure.csproj", "{4DB63B92-0D75-4F89-B0A4-C9747F480F58}"
EndProject
Project("{FAE04EC0-301F-11D3-BF4B-00C04F79EFBC}") = "Fend.Scanner.Domain", "src\Fend.Scanner.Domain\Fend.Scanner.Domain.csproj", "{C01EB24F-5041-42CA-B339-AF875ACDEBF0}"
EndProject
Project("{FAE04EC0-301F-11D3-BF4B-00C04F79EFBC}") = "Fend.Core.SharedKernel", "src\Fend.Core.SharedKernel\Fend.Core.SharedKernel.csproj", "{DA0DCCB8-A7C8-48DC-98FB-8B3C6EC4B9B3}"
EndProject
Project("{FAE04EC0-301F-11D3-BF4B-00C04F79EFBC}") = "Fend.Scanner.Cli", "src\Fend.Scanner.Cli\Fend.Scanner.Cli.csproj", "{D220A957-CA7B-4C26-8818-F4328C5B1942}"
EndProject
Project("{2150E333-8FDC-42A3-9474-1A3956D46DE8}") = "Solution Items", "Solution Items", "{185F4E8D-E25A-4696-86FB-33C474B01ADB}"
	ProjectSection(SolutionItems) = preProject
		.gitignore = .gitignore
		Directory.Build.props = Directory.Build.props
		global.json = global.json
		README.md = README.md
	EndProjectSection
EndProject
Project("{2150E333-8FDC-42A3-9474-1A3956D46DE8}") = "src", "src", "{7232F084-2280-4A67-A649-9FECDA08A1AD}"
EndProject
Project("{2150E333-8FDC-42A3-9474-1A3956D46DE8}") = "tests", "tests", "{18457D79-BF09-4C13-ABA1-1A2EB9CA5103}"
EndProject
Project("{2150E333-8FDC-42A3-9474-1A3956D46DE8}") = "Core", "Core", "{A78A9A1C-2621-4BCA-B8B4-D673E694D937}"
EndProject
Project("{FAE04EC0-301F-11D3-BF4B-00C04F79EFBC}") = "Fend.Domain.Tests", "tests\Fend.Domain.Tests\Fend.Domain.Tests.csproj", "{33931ED9-188C-4A06-A028-6EBBAB9538AA}"
EndProject
Project("{FAE04EC0-301F-11D3-BF4B-00C04F79EFBC}") = "Fend.Core.Infrastructure", "src\Fend.Core.Infrastructure\Fend.Core.Infrastructure.csproj", "{65FA0A55-BCCE-4194-9039-39F0448CC065}"
EndProject
Project("{FAE04EC0-301F-11D3-BF4B-00C04F79EFBC}") = "Fend.Scanner.Commands", "src\Fend.Scanner.Commands\Fend.Scanner.Commands.csproj", "{B51FB0F9-CD9E-459D-BBD6-EC505E88993E}"
EndProject
Project("{FAE04EC0-301F-11D3-BF4B-00C04F79EFBC}") = "Fend.Core.Abstractions", "src\Fend.Core.Abstractions\Fend.Core.Abstractions.csproj", "{2077B1EE-52AF-4F35-8FB4-E3CFAC13D350}"
EndProject
Project("{2150E333-8FDC-42A3-9474-1A3956D46DE8}") = ".github", ".github", "{1C84730B-6921-4267-8750-8BCE912406A1}"
EndProject
Project("{2150E333-8FDC-42A3-9474-1A3956D46DE8}") = "workflows", "workflows", "{62A21AAF-14E0-47F1-B74E-B68E88AEA7D9}"
	ProjectSection(SolutionItems) = preProject
		.github\workflows\build_and_release.yml = .github\workflows\build_and_release.yml
	EndProjectSection
EndProject
Project("{FAE04EC0-301F-11D3-BF4B-00C04F79EFBC}") = "Fend.Vulnerabilities.Api", "src\Fend.Vulnerabilities.Api\Fend.Vulnerabilities.Api.csproj", "{DAB3EBE1-86AB-4027-B6F2-44791A465789}"
EndProject
Project("{2150E333-8FDC-42A3-9474-1A3956D46DE8}") = "Scanner", "Scanner", "{FA155AD7-81DF-49AE-9E8B-B8ED315D7F34}"
EndProject
Project("{2150E333-8FDC-42A3-9474-1A3956D46DE8}") = "Vulnerabilities", "Vulnerabilities", "{9DCB0CD4-E03A-427E-A17F-AC78500025D5}"
EndProject
Project("{2150E333-8FDC-42A3-9474-1A3956D46DE8}") = "Modules", "Modules", "{19E4E078-1F76-40C7-AB8D-F46017C21A09}"
EndProject
Global
	GlobalSection(SolutionConfigurationPlatforms) = preSolution
		Debug|Any CPU = Debug|Any CPU
		Release|Any CPU = Release|Any CPU
	EndGlobalSection
	GlobalSection(ProjectConfigurationPlatforms) = postSolution
		{4DB63B92-0D75-4F89-B0A4-C9747F480F58}.Debug|Any CPU.ActiveCfg = Debug|Any CPU
		{4DB63B92-0D75-4F89-B0A4-C9747F480F58}.Debug|Any CPU.Build.0 = Debug|Any CPU
		{4DB63B92-0D75-4F89-B0A4-C9747F480F58}.Release|Any CPU.ActiveCfg = Release|Any CPU
		{4DB63B92-0D75-4F89-B0A4-C9747F480F58}.Release|Any CPU.Build.0 = Release|Any CPU
		{C01EB24F-5041-42CA-B339-AF875ACDEBF0}.Debug|Any CPU.ActiveCfg = Debug|Any CPU
		{C01EB24F-5041-42CA-B339-AF875ACDEBF0}.Debug|Any CPU.Build.0 = Debug|Any CPU
		{C01EB24F-5041-42CA-B339-AF875ACDEBF0}.Release|Any CPU.ActiveCfg = Release|Any CPU
		{C01EB24F-5041-42CA-B339-AF875ACDEBF0}.Release|Any CPU.Build.0 = Release|Any CPU
		{DA0DCCB8-A7C8-48DC-98FB-8B3C6EC4B9B3}.Debug|Any CPU.ActiveCfg = Debug|Any CPU
		{DA0DCCB8-A7C8-48DC-98FB-8B3C6EC4B9B3}.Debug|Any CPU.Build.0 = Debug|Any CPU
		{DA0DCCB8-A7C8-48DC-98FB-8B3C6EC4B9B3}.Release|Any CPU.ActiveCfg = Release|Any CPU
		{DA0DCCB8-A7C8-48DC-98FB-8B3C6EC4B9B3}.Release|Any CPU.Build.0 = Release|Any CPU
		{D220A957-CA7B-4C26-8818-F4328C5B1942}.Debug|Any CPU.ActiveCfg = Debug|Any CPU
		{D220A957-CA7B-4C26-8818-F4328C5B1942}.Debug|Any CPU.Build.0 = Debug|Any CPU
		{D220A957-CA7B-4C26-8818-F4328C5B1942}.Release|Any CPU.ActiveCfg = Release|Any CPU
		{D220A957-CA7B-4C26-8818-F4328C5B1942}.Release|Any CPU.Build.0 = Release|Any CPU
		{33931ED9-188C-4A06-A028-6EBBAB9538AA}.Debug|Any CPU.ActiveCfg = Debug|Any CPU
		{33931ED9-188C-4A06-A028-6EBBAB9538AA}.Debug|Any CPU.Build.0 = Debug|Any CPU
		{33931ED9-188C-4A06-A028-6EBBAB9538AA}.Release|Any CPU.ActiveCfg = Release|Any CPU
		{33931ED9-188C-4A06-A028-6EBBAB9538AA}.Release|Any CPU.Build.0 = Release|Any CPU
		{65FA0A55-BCCE-4194-9039-39F0448CC065}.Debug|Any CPU.ActiveCfg = Debug|Any CPU
		{65FA0A55-BCCE-4194-9039-39F0448CC065}.Debug|Any CPU.Build.0 = Debug|Any CPU
		{65FA0A55-BCCE-4194-9039-39F0448CC065}.Release|Any CPU.ActiveCfg = Release|Any CPU
		{65FA0A55-BCCE-4194-9039-39F0448CC065}.Release|Any CPU.Build.0 = Release|Any CPU
		{B51FB0F9-CD9E-459D-BBD6-EC505E88993E}.Debug|Any CPU.ActiveCfg = Debug|Any CPU
		{B51FB0F9-CD9E-459D-BBD6-EC505E88993E}.Debug|Any CPU.Build.0 = Debug|Any CPU
		{B51FB0F9-CD9E-459D-BBD6-EC505E88993E}.Release|Any CPU.ActiveCfg = Release|Any CPU
		{B51FB0F9-CD9E-459D-BBD6-EC505E88993E}.Release|Any CPU.Build.0 = Release|Any CPU
		{2077B1EE-52AF-4F35-8FB4-E3CFAC13D350}.Debug|Any CPU.ActiveCfg = Debug|Any CPU
		{2077B1EE-52AF-4F35-8FB4-E3CFAC13D350}.Debug|Any CPU.Build.0 = Debug|Any CPU
		{2077B1EE-52AF-4F35-8FB4-E3CFAC13D350}.Release|Any CPU.ActiveCfg = Release|Any CPU
		{2077B1EE-52AF-4F35-8FB4-E3CFAC13D350}.Release|Any CPU.Build.0 = Release|Any CPU
		{DAB3EBE1-86AB-4027-B6F2-44791A465789}.Debug|Any CPU.ActiveCfg = Debug|Any CPU
		{DAB3EBE1-86AB-4027-B6F2-44791A465789}.Debug|Any CPU.Build.0 = Debug|Any CPU
		{DAB3EBE1-86AB-4027-B6F2-44791A465789}.Release|Any CPU.ActiveCfg = Release|Any CPU
		{DAB3EBE1-86AB-4027-B6F2-44791A465789}.Release|Any CPU.Build.0 = Release|Any CPU
	EndGlobalSection
	GlobalSection(NestedProjects) = preSolution
		{A78A9A1C-2621-4BCA-B8B4-D673E694D937} = {7232F084-2280-4A67-A649-9FECDA08A1AD}
		{DA0DCCB8-A7C8-48DC-98FB-8B3C6EC4B9B3} = {A78A9A1C-2621-4BCA-B8B4-D673E694D937}
		{33931ED9-188C-4A06-A028-6EBBAB9538AA} = {18457D79-BF09-4C13-ABA1-1A2EB9CA5103}
		{1C84730B-6921-4267-8750-8BCE912406A1} = {185F4E8D-E25A-4696-86FB-33C474B01ADB}
		{62A21AAF-14E0-47F1-B74E-B68E88AEA7D9} = {1C84730B-6921-4267-8750-8BCE912406A1}
		{DAB3EBE1-86AB-4027-B6F2-44791A465789} = {9DCB0CD4-E03A-427E-A17F-AC78500025D5}
		{D220A957-CA7B-4C26-8818-F4328C5B1942} = {FA155AD7-81DF-49AE-9E8B-B8ED315D7F34}
		{4DB63B92-0D75-4F89-B0A4-C9747F480F58} = {FA155AD7-81DF-49AE-9E8B-B8ED315D7F34}
		{B51FB0F9-CD9E-459D-BBD6-EC505E88993E} = {FA155AD7-81DF-49AE-9E8B-B8ED315D7F34}
		{65FA0A55-BCCE-4194-9039-39F0448CC065} = {A78A9A1C-2621-4BCA-B8B4-D673E694D937}
		{19E4E078-1F76-40C7-AB8D-F46017C21A09} = {7232F084-2280-4A67-A649-9FECDA08A1AD}
		{FA155AD7-81DF-49AE-9E8B-B8ED315D7F34} = {19E4E078-1F76-40C7-AB8D-F46017C21A09}
		{9DCB0CD4-E03A-427E-A17F-AC78500025D5} = {19E4E078-1F76-40C7-AB8D-F46017C21A09}
		{C01EB24F-5041-42CA-B339-AF875ACDEBF0} = {FA155AD7-81DF-49AE-9E8B-B8ED315D7F34}
		{2077B1EE-52AF-4F35-8FB4-E3CFAC13D350} = {A78A9A1C-2621-4BCA-B8B4-D673E694D937}
	EndGlobalSection
EndGlobal
