
Microsoft Visual Studio Solution File, Format Version 12.00
Project("{FAE04EC0-301F-11D3-BF4B-00C04F79EFBC}") = "Fend.Scanner.Infrastructure", "src\Fend.Scanner.Infrastructure\Fend.Scanner.Infrastructure.csproj", "{4DB63B92-0D75-4F89-B0A4-C9747F480F58}"
EndProject
Project("{FAE04EC0-301F-11D3-BF4B-00C04F79EFBC}") = "Fend.Core.Domain", "src\Fend.Core.Domain\Fend.Core.Domain.csproj", "{C01EB24F-5041-42CA-B339-AF875ACDEBF0}"
EndProject
Project("{FAE04EC0-301F-11D3-BF4B-00C04F79EFBC}") = "Fend.Core.SharedKernel", "src\Fend.Core.SharedKernel\Fend.Core.SharedKernel.csproj", "{DA0DCCB8-A7C8-48DC-98FB-8B3C6EC4B9B3}"
EndProject
Project("{FAE04EC0-301F-11D3-BF4B-00C04F79EFBC}") = "Fend.Cli", "src\Fend.Cli\Fend.Cli.csproj", "{D220A957-CA7B-4C26-8818-F4328C5B1942}"
EndProject
Project("{2150E333-8FDC-42A3-9474-1A3956D46DE8}") = "Solution Items", "Solution Items", "{185F4E8D-E25A-4696-86FB-33C474B01ADB}"
	ProjectSection(SolutionItems) = preProject
		.gitignore = .gitignore
		Directory.Build.props = Directory.Build.props
		global.json = global.json
		README.md = README.md
	EndProjectSection
EndProject
Project("{2150E333-8FDC-42A3-9474-1A3956D46DE8}") = "src", "src", "{7232F084-2280-4A67-A649-9FECDA08A1AD}"
EndProject
Project("{2150E333-8FDC-42A3-9474-1A3956D46DE8}") = "tests", "tests", "{18457D79-BF09-4C13-ABA1-1A2EB9CA5103}"
EndProject
Project("{FAE04EC0-301F-11D3-BF4B-00C04F79EFBC}") = "Fend.Domain.Tests", "tests\Fend.Domain.Tests\Fend.Domain.Tests.csproj", "{33931ED9-188C-4A06-A028-6EBBAB9538AA}"
EndProject
Project("{FAE04EC0-301F-11D3-BF4B-00C04F79EFBC}") = "Fend.Infrastructure", "src\Fend.Infrastructure\Fend.Infrastructure.csproj", "{65FA0A55-BCCE-4194-9039-39F0448CC065}"
EndProject
Project("{FAE04EC0-301F-11D3-BF4B-00C04F79EFBC}") = "Fend.Scanner.Commands", "src\Fend.Scanner.Commands\Fend.Scanner.Commands.csproj", "{B51FB0F9-CD9E-459D-BBD6-EC505E88993E}"
EndProject
Project("{FAE04EC0-301F-11D3-BF4B-00C04F79EFBC}") = "Fend.Application", "src\Fend.Application\Fend.Application.csproj", "{2077B1EE-52AF-4F35-8FB4-E3CFAC13D350}"
EndProject
Project("{2150E333-8FDC-42A3-9474-1A3956D46DE8}") = ".github", ".github", "{1C84730B-6921-4267-8750-8BCE912406A1}"
EndProject
Project("{2150E333-8FDC-42A3-9474-1A3956D46DE8}") = "workflows", "workflows", "{62A21AAF-14E0-47F1-B74E-B68E88AEA7D9}"
	ProjectSection(SolutionItems) = preProject
		.github\workflows\build_and_release.yml = .github\workflows\build_and_release.yml
	EndProjectSection
EndProject
Project("{FAE04EC0-301F-11D3-BF4B-00C04F79EFBC}") = "Fend.Api", "src\Fend.Api\Fend.Api.csproj", "{DAB3EBE1-86AB-4027-B6F2-44791A465789}"
EndProject
Project("{2150E333-8FDC-42A3-9474-1A3956D46DE8}") = "Scanner", "Scanner", "{FA155AD7-81DF-49AE-9E8B-B8ED315D7F34}"
EndProject
Project("{2150E333-8FDC-42A3-9474-1A3956D46DE8}") = "Dependencies", "Dependencies", "{9DCB0CD4-E03A-427E-A17F-AC78500025D5}"
EndProject
Project("{2150E333-8FDC-42A3-9474-1A3956D46DE8}") = "Modules", "Modules", "{19E4E078-1F76-40C7-AB8D-F46017C21A09}"
EndProject
Project("{FAE04EC0-301F-11D3-BF4B-00C04F79EFBC}") = "Fend.Dependencies.Application", "src\Fend.Dependencies.Application\Fend.Dependencies.Application.csproj", "{E12CB7FD-AC95-4686-AD6C-F94B360EF4E4}"
EndProject
Project("{2150E333-8FDC-42A3-9474-1A3956D46DE8}") = "Shared", "Shared", "{6E6F9416-F93F-49E5-98D8-34A3FD6DC926}"
EndProject
Project("{FAE04EC0-301F-11D3-BF4B-00C04F79EFBC}") = "Fend.Infrastructure.Data", "src\Fend.Infrastructure.Data\Fend.Infrastructure.Data.csproj", "{B43B1B58-7AB7-425C-A6A1-6BD813328102}"
EndProject
Project("{FAE04EC0-301F-11D3-BF4B-00C04F79EFBC}") = "Fend.Dependencies.Data", "src\Fend.Dependencies.Data\Fend.Dependencies.Data.csproj", "{1E9EE852-179A-411A-8ECC-1EBDBB0DE15A}"
EndProject
Project("{FAE04EC0-301F-11D3-BF4B-00C04F79EFBC}") = "Fend.Identity", "src\Fend.Identity\Fend.Identity.csproj", "{5725B099-46DD-4547-BA62-119C6604DAC5}"
EndProject
Project("{FAE04EC0-301F-11D3-BF4B-00C04F79EFBC}") = "Fend.ServiceDefaults", "src\Fend.ServiceDefaults\Fend.ServiceDefaults.csproj", "{835EDA97-CED9-44AA-86F4-6C6AE5BBA047}"
EndProject
Project("{2150E333-8FDC-42A3-9474-1A3956D46DE8}") = "Identity", "Identity", "{41F3EEE2-D10B-496B-BDB7-BEC73DBFF4A4}"
EndProject
Project("{FAE04EC0-301F-11D3-BF4B-00C04F79EFBC}") = "Fend.Identity.Data", "src\Fend.Identity.Data\Fend.Identity.Data.csproj", "{2B4BF1FD-EFF8-4DB6-A0EC-FEADF5083A0F}"
EndProject
Project("{FAE04EC0-301F-11D3-BF4B-00C04F79EFBC}") = "Fend.Application.Contracts", "src\Fend.Application.Contracts\Fend.Application.Contracts.csproj", "{8D57447D-9B78-4436-8458-7E2D6078F4AB}"
EndProject
Project("{2150E333-8FDC-42A3-9474-1A3956D46DE8}") = ".database", ".database", "{8AC13CC1-E3DF-4E63-BCA0-02AA112A6DF6}"
	ProjectSection(SolutionItems) = preProject
		.database\rebaseline-and-reset-db.sh = .database\rebaseline-and-reset-db.sh
	EndProjectSection
EndProject
Project("{FAE04EC0-301F-11D3-BF4B-00C04F79EFBC}") = "Fend.Identity.Application", "src\Fend.Identity.Application\Fend.Identity.Application.csproj", "{93811CF2-6D88-4C19-B60A-73680AAF8D6F}"
EndProject
Global
	GlobalSection(SolutionConfigurationPlatforms) = preSolution
		Debug|Any CPU = Debug|Any CPU
		Release|Any CPU = Release|Any CPU
	EndGlobalSection
	GlobalSection(ProjectConfigurationPlatforms) = postSolution
		{4DB63B92-0D75-4F89-B0A4-C9747F480F58}.Debug|Any CPU.ActiveCfg = Debug|Any CPU
		{4DB63B92-0D75-4F89-B0A4-C9747F480F58}.Debug|Any CPU.Build.0 = Debug|Any CPU
		{4DB63B92-0D75-4F89-B0A4-C9747F480F58}.Release|Any CPU.ActiveCfg = Release|Any CPU
		{4DB63B92-0D75-4F89-B0A4-C9747F480F58}.Release|Any CPU.Build.0 = Release|Any CPU
		{C01EB24F-5041-42CA-B339-AF875ACDEBF0}.Debug|Any CPU.ActiveCfg = Debug|Any CPU
		{C01EB24F-5041-42CA-B339-AF875ACDEBF0}.Debug|Any CPU.Build.0 = Debug|Any CPU
		{C01EB24F-5041-42CA-B339-AF875ACDEBF0}.Release|Any CPU.ActiveCfg = Release|Any CPU
		{C01EB24F-5041-42CA-B339-AF875ACDEBF0}.Release|Any CPU.Build.0 = Release|Any CPU
		{DA0DCCB8-A7C8-48DC-98FB-8B3C6EC4B9B3}.Debug|Any CPU.ActiveCfg = Debug|Any CPU
		{DA0DCCB8-A7C8-48DC-98FB-8B3C6EC4B9B3}.Debug|Any CPU.Build.0 = Debug|Any CPU
		{DA0DCCB8-A7C8-48DC-98FB-8B3C6EC4B9B3}.Release|Any CPU.ActiveCfg = Release|Any CPU
		{DA0DCCB8-A7C8-48DC-98FB-8B3C6EC4B9B3}.Release|Any CPU.Build.0 = Release|Any CPU
		{D220A957-CA7B-4C26-8818-F4328C5B1942}.Debug|Any CPU.ActiveCfg = Debug|Any CPU
		{D220A957-CA7B-4C26-8818-F4328C5B1942}.Debug|Any CPU.Build.0 = Debug|Any CPU
		{D220A957-CA7B-4C26-8818-F4328C5B1942}.Release|Any CPU.ActiveCfg = Release|Any CPU
		{D220A957-CA7B-4C26-8818-F4328C5B1942}.Release|Any CPU.Build.0 = Release|Any CPU
		{33931ED9-188C-4A06-A028-6EBBAB9538AA}.Debug|Any CPU.ActiveCfg = Debug|Any CPU
		{33931ED9-188C-4A06-A028-6EBBAB9538AA}.Debug|Any CPU.Build.0 = Debug|Any CPU
		{33931ED9-188C-4A06-A028-6EBBAB9538AA}.Release|Any CPU.ActiveCfg = Release|Any CPU
		{33931ED9-188C-4A06-A028-6EBBAB9538AA}.Release|Any CPU.Build.0 = Release|Any CPU
		{65FA0A55-BCCE-4194-9039-39F0448CC065}.Debug|Any CPU.ActiveCfg = Debug|Any CPU
		{65FA0A55-BCCE-4194-9039-39F0448CC065}.Debug|Any CPU.Build.0 = Debug|Any CPU
		{65FA0A55-BCCE-4194-9039-39F0448CC065}.Release|Any CPU.ActiveCfg = Release|Any CPU
		{65FA0A55-BCCE-4194-9039-39F0448CC065}.Release|Any CPU.Build.0 = Release|Any CPU
		{B51FB0F9-CD9E-459D-BBD6-EC505E88993E}.Debug|Any CPU.ActiveCfg = Debug|Any CPU
		{B51FB0F9-CD9E-459D-BBD6-EC505E88993E}.Debug|Any CPU.Build.0 = Debug|Any CPU
		{B51FB0F9-CD9E-459D-BBD6-EC505E88993E}.Release|Any CPU.ActiveCfg = Release|Any CPU
		{B51FB0F9-CD9E-459D-BBD6-EC505E88993E}.Release|Any CPU.Build.0 = Release|Any CPU
		{2077B1EE-52AF-4F35-8FB4-E3CFAC13D350}.Debug|Any CPU.ActiveCfg = Debug|Any CPU
		{2077B1EE-52AF-4F35-8FB4-E3CFAC13D350}.Debug|Any CPU.Build.0 = Debug|Any CPU
		{2077B1EE-52AF-4F35-8FB4-E3CFAC13D350}.Release|Any CPU.ActiveCfg = Release|Any CPU
		{2077B1EE-52AF-4F35-8FB4-E3CFAC13D350}.Release|Any CPU.Build.0 = Release|Any CPU
		{DAB3EBE1-86AB-4027-B6F2-44791A465789}.Debug|Any CPU.ActiveCfg = Debug|Any CPU
		{DAB3EBE1-86AB-4027-B6F2-44791A465789}.Debug|Any CPU.Build.0 = Debug|Any CPU
		{DAB3EBE1-86AB-4027-B6F2-44791A465789}.Release|Any CPU.ActiveCfg = Release|Any CPU
		{DAB3EBE1-86AB-4027-B6F2-44791A465789}.Release|Any CPU.Build.0 = Release|Any CPU
		{E12CB7FD-AC95-4686-AD6C-F94B360EF4E4}.Debug|Any CPU.ActiveCfg = Debug|Any CPU
		{E12CB7FD-AC95-4686-AD6C-F94B360EF4E4}.Debug|Any CPU.Build.0 = Debug|Any CPU
		{E12CB7FD-AC95-4686-AD6C-F94B360EF4E4}.Release|Any CPU.ActiveCfg = Release|Any CPU
		{E12CB7FD-AC95-4686-AD6C-F94B360EF4E4}.Release|Any CPU.Build.0 = Release|Any CPU
		{B43B1B58-7AB7-425C-A6A1-6BD813328102}.Debug|Any CPU.ActiveCfg = Debug|Any CPU
		{B43B1B58-7AB7-425C-A6A1-6BD813328102}.Debug|Any CPU.Build.0 = Debug|Any CPU
		{B43B1B58-7AB7-425C-A6A1-6BD813328102}.Release|Any CPU.ActiveCfg = Release|Any CPU
		{B43B1B58-7AB7-425C-A6A1-6BD813328102}.Release|Any CPU.Build.0 = Release|Any CPU
		{1E9EE852-179A-411A-8ECC-1EBDBB0DE15A}.Debug|Any CPU.ActiveCfg = Debug|Any CPU
		{1E9EE852-179A-411A-8ECC-1EBDBB0DE15A}.Debug|Any CPU.Build.0 = Debug|Any CPU
		{1E9EE852-179A-411A-8ECC-1EBDBB0DE15A}.Release|Any CPU.ActiveCfg = Release|Any CPU
		{1E9EE852-179A-411A-8ECC-1EBDBB0DE15A}.Release|Any CPU.Build.0 = Release|Any CPU
		{5725B099-46DD-4547-BA62-119C6604DAC5}.Debug|Any CPU.ActiveCfg = Debug|Any CPU
		{5725B099-46DD-4547-BA62-119C6604DAC5}.Debug|Any CPU.Build.0 = Debug|Any CPU
		{5725B099-46DD-4547-BA62-119C6604DAC5}.Release|Any CPU.ActiveCfg = Release|Any CPU
		{5725B099-46DD-4547-BA62-119C6604DAC5}.Release|Any CPU.Build.0 = Release|Any CPU
		{835EDA97-CED9-44AA-86F4-6C6AE5BBA047}.Debug|Any CPU.ActiveCfg = Debug|Any CPU
		{835EDA97-CED9-44AA-86F4-6C6AE5BBA047}.Debug|Any CPU.Build.0 = Debug|Any CPU
		{835EDA97-CED9-44AA-86F4-6C6AE5BBA047}.Release|Any CPU.ActiveCfg = Release|Any CPU
		{835EDA97-CED9-44AA-86F4-6C6AE5BBA047}.Release|Any CPU.Build.0 = Release|Any CPU
		{2B4BF1FD-EFF8-4DB6-A0EC-FEADF5083A0F}.Debug|Any CPU.ActiveCfg = Debug|Any CPU
		{2B4BF1FD-EFF8-4DB6-A0EC-FEADF5083A0F}.Debug|Any CPU.Build.0 = Debug|Any CPU
		{2B4BF1FD-EFF8-4DB6-A0EC-FEADF5083A0F}.Release|Any CPU.ActiveCfg = Release|Any CPU
		{2B4BF1FD-EFF8-4DB6-A0EC-FEADF5083A0F}.Release|Any CPU.Build.0 = Release|Any CPU
		{8D57447D-9B78-4436-8458-7E2D6078F4AB}.Debug|Any CPU.ActiveCfg = Debug|Any CPU
		{8D57447D-9B78-4436-8458-7E2D6078F4AB}.Debug|Any CPU.Build.0 = Debug|Any CPU
		{8D57447D-9B78-4436-8458-7E2D6078F4AB}.Release|Any CPU.ActiveCfg = Release|Any CPU
		{8D57447D-9B78-4436-8458-7E2D6078F4AB}.Release|Any CPU.Build.0 = Release|Any CPU
		{93811CF2-6D88-4C19-B60A-73680AAF8D6F}.Debug|Any CPU.ActiveCfg = Debug|Any CPU
		{93811CF2-6D88-4C19-B60A-73680AAF8D6F}.Debug|Any CPU.Build.0 = Debug|Any CPU
		{93811CF2-6D88-4C19-B60A-73680AAF8D6F}.Release|Any CPU.ActiveCfg = Release|Any CPU
		{93811CF2-6D88-4C19-B60A-73680AAF8D6F}.Release|Any CPU.Build.0 = Release|Any CPU
	EndGlobalSection
	GlobalSection(NestedProjects) = preSolution
		{33931ED9-188C-4A06-A028-6EBBAB9538AA} = {18457D79-BF09-4C13-ABA1-1A2EB9CA5103}
		{1C84730B-6921-4267-8750-8BCE912406A1} = {185F4E8D-E25A-4696-86FB-33C474B01ADB}
		{62A21AAF-14E0-47F1-B74E-B68E88AEA7D9} = {1C84730B-6921-4267-8750-8BCE912406A1}
		{4DB63B92-0D75-4F89-B0A4-C9747F480F58} = {FA155AD7-81DF-49AE-9E8B-B8ED315D7F34}
		{B51FB0F9-CD9E-459D-BBD6-EC505E88993E} = {FA155AD7-81DF-49AE-9E8B-B8ED315D7F34}
		{19E4E078-1F76-40C7-AB8D-F46017C21A09} = {7232F084-2280-4A67-A649-9FECDA08A1AD}
		{FA155AD7-81DF-49AE-9E8B-B8ED315D7F34} = {19E4E078-1F76-40C7-AB8D-F46017C21A09}
		{9DCB0CD4-E03A-427E-A17F-AC78500025D5} = {19E4E078-1F76-40C7-AB8D-F46017C21A09}
		{E12CB7FD-AC95-4686-AD6C-F94B360EF4E4} = {9DCB0CD4-E03A-427E-A17F-AC78500025D5}
		{6E6F9416-F93F-49E5-98D8-34A3FD6DC926} = {7232F084-2280-4A67-A649-9FECDA08A1AD}
		{DAB3EBE1-86AB-4027-B6F2-44791A465789} = {7232F084-2280-4A67-A649-9FECDA08A1AD}
		{D220A957-CA7B-4C26-8818-F4328C5B1942} = {7232F084-2280-4A67-A649-9FECDA08A1AD}
		{1E9EE852-179A-411A-8ECC-1EBDBB0DE15A} = {9DCB0CD4-E03A-427E-A17F-AC78500025D5}
		{5725B099-46DD-4547-BA62-119C6604DAC5} = {7232F084-2280-4A67-A649-9FECDA08A1AD}
		{41F3EEE2-D10B-496B-BDB7-BEC73DBFF4A4} = {19E4E078-1F76-40C7-AB8D-F46017C21A09}
		{2B4BF1FD-EFF8-4DB6-A0EC-FEADF5083A0F} = {41F3EEE2-D10B-496B-BDB7-BEC73DBFF4A4}
		{2077B1EE-52AF-4F35-8FB4-E3CFAC13D350} = {6E6F9416-F93F-49E5-98D8-34A3FD6DC926}
		{835EDA97-CED9-44AA-86F4-6C6AE5BBA047} = {6E6F9416-F93F-49E5-98D8-34A3FD6DC926}
		{B43B1B58-7AB7-425C-A6A1-6BD813328102} = {6E6F9416-F93F-49E5-98D8-34A3FD6DC926}
		{65FA0A55-BCCE-4194-9039-39F0448CC065} = {6E6F9416-F93F-49E5-98D8-34A3FD6DC926}
		{C01EB24F-5041-42CA-B339-AF875ACDEBF0} = {6E6F9416-F93F-49E5-98D8-34A3FD6DC926}
		{DA0DCCB8-A7C8-48DC-98FB-8B3C6EC4B9B3} = {6E6F9416-F93F-49E5-98D8-34A3FD6DC926}
		{8D57447D-9B78-4436-8458-7E2D6078F4AB} = {6E6F9416-F93F-49E5-98D8-34A3FD6DC926}
		{8AC13CC1-E3DF-4E63-BCA0-02AA112A6DF6} = {185F4E8D-E25A-4696-86FB-33C474B01ADB}
		{93811CF2-6D88-4C19-B60A-73680AAF8D6F} = {41F3EEE2-D10B-496B-BDB7-BEC73DBFF4A4}
	EndGlobalSection
EndGlobal
