
Microsoft Visual Studio Solution File, Format Version 12.00
Project("{FAE04EC0-301F-11D3-BF4B-00C04F79EFBC}") = "Fend.DependencyGraph", "src\Fend.DependencyGraph\Fend.DependencyGraph.csproj", "{4DB63B92-0D75-4F89-B0A4-C9747F480F58}"
EndProject
Project("{FAE04EC0-301F-11D3-BF4B-00C04F79EFBC}") = "Fend.Domain", "src\Fend.Domain\Fend.Domain.csproj", "{C01EB24F-5041-42CA-B339-AF875ACDEBF0}"
EndProject
Project("{FAE04EC0-301F-11D3-BF4B-00C04F79EFBC}") = "Fend.SharedKernel", "src\Fend.SharedKernel\Fend.SharedKernel.csproj", "{DA0DCCB8-A7C8-48DC-98FB-8B3C6EC4B9B3}"
EndProject
Project("{FAE04EC0-301F-11D3-BF4B-00C04F79EFBC}") = "Fend.Cli", "src\Fend.Cli\Fend.Cli.csproj", "{D220A957-CA7B-4C26-8818-F4328C5B1942}"
EndProject
Project("{2150E333-8FDC-42A3-9474-1A3956D46DE8}") = "Solution Items", "Solution Items", "{185F4E8D-E25A-4696-86FB-33C474B01ADB}"
	ProjectSection(SolutionItems) = preProject
		.gitignore = .gitignore
		Directory.Build.props = Directory.Build.props
		global.json = global.json
		README.md = README.md
	EndProjectSection
EndProject
Project("{2150E333-8FDC-42A3-9474-1A3956D46DE8}") = "src", "src", "{7232F084-2280-4A67-A649-9FECDA08A1AD}"
EndProject
Project("{2150E333-8FDC-42A3-9474-1A3956D46DE8}") = "tests", "tests", "{18457D79-BF09-4C13-ABA1-1A2EB9CA5103}"
EndProject
Project("{2150E333-8FDC-42A3-9474-1A3956D46DE8}") = "Application", "Application", "{E1747418-8487-4BD3-B004-A3D22710A879}"
EndProject
Project("{2150E333-8FDC-42A3-9474-1A3956D46DE8}") = "Core", "Core", "{A78A9A1C-2621-4BCA-B8B4-D673E694D937}"
EndProject
Project("{2150E333-8FDC-42A3-9474-1A3956D46DE8}") = "Infrastructure", "Infrastructure", "{ED7C98CD-186C-476E-BD0F-8B2D8E4D451B}"
EndProject
Project("{2150E333-8FDC-42A3-9474-1A3956D46DE8}") = "Presentation", "Presentation", "{87937EB4-DD2D-4A7E-87C1-BA45CD901C8D}"
EndProject
Project("{FAE04EC0-301F-11D3-BF4B-00C04F79EFBC}") = "Fend.Domain.Tests", "tests\Fend.Domain.Tests\Fend.Domain.Tests.csproj", "{33931ED9-188C-4A06-A028-6EBBAB9538AA}"
EndProject
Project("{FAE04EC0-301F-11D3-BF4B-00C04F79EFBC}") = "Fend.Infrastructure", "src\Fend.Infrastructure\Fend.Infrastructure.csproj", "{65FA0A55-BCCE-4194-9039-39F0448CC065}"
EndProject
Project("{FAE04EC0-301F-11D3-BF4B-00C04F79EFBC}") = "Fend.Commands", "src\Fend.Commands\Fend.Commands.csproj", "{B51FB0F9-CD9E-459D-BBD6-EC505E88993E}"
EndProject
Project("{FAE04EC0-301F-11D3-BF4B-00C04F79EFBC}") = "Fend.Contracts", "src\Fend.Contracts\Fend.Contracts.csproj", "{6984C802-459C-4370-8271-5B5D27940843}"
EndProject
Project("{FAE04EC0-301F-11D3-BF4B-00C04F79EFBC}") = "Fend.Abstractions", "src\Fend.Abstractions\Fend.Abstractions.csproj", "{2077B1EE-52AF-4F35-8FB4-E3CFAC13D350}"
EndProject
Project("{2150E333-8FDC-42A3-9474-1A3956D46DE8}") = ".github", ".github", "{1C84730B-6921-4267-8750-8BCE912406A1}"
EndProject
Project("{2150E333-8FDC-42A3-9474-1A3956D46DE8}") = "workflows", "workflows", "{62A21AAF-14E0-47F1-B74E-B68E88AEA7D9}"
	ProjectSection(SolutionItems) = preProject
		.github\workflows\build_and_release.yml = .github\workflows\build_and_release.yml
	EndProjectSection
EndProject
Global
	GlobalSection(SolutionConfigurationPlatforms) = preSolution
		Debug|Any CPU = Debug|Any CPU
		Release|Any CPU = Release|Any CPU
	EndGlobalSection
	GlobalSection(ProjectConfigurationPlatforms) = postSolution
		{4DB63B92-0D75-4F89-B0A4-C9747F480F58}.Debug|Any CPU.ActiveCfg = Debug|Any CPU
		{4DB63B92-0D75-4F89-B0A4-C9747F480F58}.Debug|Any CPU.Build.0 = Debug|Any CPU
		{4DB63B92-0D75-4F89-B0A4-C9747F480F58}.Release|Any CPU.ActiveCfg = Release|Any CPU
		{4DB63B92-0D75-4F89-B0A4-C9747F480F58}.Release|Any CPU.Build.0 = Release|Any CPU
		{C01EB24F-5041-42CA-B339-AF875ACDEBF0}.Debug|Any CPU.ActiveCfg = Debug|Any CPU
		{C01EB24F-5041-42CA-B339-AF875ACDEBF0}.Debug|Any CPU.Build.0 = Debug|Any CPU
		{C01EB24F-5041-42CA-B339-AF875ACDEBF0}.Release|Any CPU.ActiveCfg = Release|Any CPU
		{C01EB24F-5041-42CA-B339-AF875ACDEBF0}.Release|Any CPU.Build.0 = Release|Any CPU
		{DA0DCCB8-A7C8-48DC-98FB-8B3C6EC4B9B3}.Debug|Any CPU.ActiveCfg = Debug|Any CPU
		{DA0DCCB8-A7C8-48DC-98FB-8B3C6EC4B9B3}.Debug|Any CPU.Build.0 = Debug|Any CPU
		{DA0DCCB8-A7C8-48DC-98FB-8B3C6EC4B9B3}.Release|Any CPU.ActiveCfg = Release|Any CPU
		{DA0DCCB8-A7C8-48DC-98FB-8B3C6EC4B9B3}.Release|Any CPU.Build.0 = Release|Any CPU
		{D220A957-CA7B-4C26-8818-F4328C5B1942}.Debug|Any CPU.ActiveCfg = Debug|Any CPU
		{D220A957-CA7B-4C26-8818-F4328C5B1942}.Debug|Any CPU.Build.0 = Debug|Any CPU
		{D220A957-CA7B-4C26-8818-F4328C5B1942}.Release|Any CPU.ActiveCfg = Release|Any CPU
		{D220A957-CA7B-4C26-8818-F4328C5B1942}.Release|Any CPU.Build.0 = Release|Any CPU
		{33931ED9-188C-4A06-A028-6EBBAB9538AA}.Debug|Any CPU.ActiveCfg = Debug|Any CPU
		{33931ED9-188C-4A06-A028-6EBBAB9538AA}.Debug|Any CPU.Build.0 = Debug|Any CPU
		{33931ED9-188C-4A06-A028-6EBBAB9538AA}.Release|Any CPU.ActiveCfg = Release|Any CPU
		{33931ED9-188C-4A06-A028-6EBBAB9538AA}.Release|Any CPU.Build.0 = Release|Any CPU
		{65FA0A55-BCCE-4194-9039-39F0448CC065}.Debug|Any CPU.ActiveCfg = Debug|Any CPU
		{65FA0A55-BCCE-4194-9039-39F0448CC065}.Debug|Any CPU.Build.0 = Debug|Any CPU
		{65FA0A55-BCCE-4194-9039-39F0448CC065}.Release|Any CPU.ActiveCfg = Release|Any CPU
		{65FA0A55-BCCE-4194-9039-39F0448CC065}.Release|Any CPU.Build.0 = Release|Any CPU
		{B51FB0F9-CD9E-459D-BBD6-EC505E88993E}.Debug|Any CPU.ActiveCfg = Debug|Any CPU
		{B51FB0F9-CD9E-459D-BBD6-EC505E88993E}.Debug|Any CPU.Build.0 = Debug|Any CPU
		{B51FB0F9-CD9E-459D-BBD6-EC505E88993E}.Release|Any CPU.ActiveCfg = Release|Any CPU
		{B51FB0F9-CD9E-459D-BBD6-EC505E88993E}.Release|Any CPU.Build.0 = Release|Any CPU
		{6984C802-459C-4370-8271-5B5D27940843}.Debug|Any CPU.ActiveCfg = Debug|Any CPU
		{6984C802-459C-4370-8271-5B5D27940843}.Debug|Any CPU.Build.0 = Debug|Any CPU
		{6984C802-459C-4370-8271-5B5D27940843}.Release|Any CPU.ActiveCfg = Release|Any CPU
		{6984C802-459C-4370-8271-5B5D27940843}.Release|Any CPU.Build.0 = Release|Any CPU
		{2077B1EE-52AF-4F35-8FB4-E3CFAC13D350}.Debug|Any CPU.ActiveCfg = Debug|Any CPU
		{2077B1EE-52AF-4F35-8FB4-E3CFAC13D350}.Debug|Any CPU.Build.0 = Debug|Any CPU
		{2077B1EE-52AF-4F35-8FB4-E3CFAC13D350}.Release|Any CPU.ActiveCfg = Release|Any CPU
		{2077B1EE-52AF-4F35-8FB4-E3CFAC13D350}.Release|Any CPU.Build.0 = Release|Any CPU
	EndGlobalSection
	GlobalSection(NestedProjects) = preSolution
		{E1747418-8487-4BD3-B004-A3D22710A879} = {7232F084-2280-4A67-A649-9FECDA08A1AD}
		{A78A9A1C-2621-4BCA-B8B4-D673E694D937} = {7232F084-2280-4A67-A649-9FECDA08A1AD}
		{ED7C98CD-186C-476E-BD0F-8B2D8E4D451B} = {7232F084-2280-4A67-A649-9FECDA08A1AD}
		{87937EB4-DD2D-4A7E-87C1-BA45CD901C8D} = {7232F084-2280-4A67-A649-9FECDA08A1AD}
		{C01EB24F-5041-42CA-B339-AF875ACDEBF0} = {A78A9A1C-2621-4BCA-B8B4-D673E694D937}
		{DA0DCCB8-A7C8-48DC-98FB-8B3C6EC4B9B3} = {A78A9A1C-2621-4BCA-B8B4-D673E694D937}
		{D220A957-CA7B-4C26-8818-F4328C5B1942} = {87937EB4-DD2D-4A7E-87C1-BA45CD901C8D}
		{4DB63B92-0D75-4F89-B0A4-C9747F480F58} = {ED7C98CD-186C-476E-BD0F-8B2D8E4D451B}
		{33931ED9-188C-4A06-A028-6EBBAB9538AA} = {18457D79-BF09-4C13-ABA1-1A2EB9CA5103}
		{65FA0A55-BCCE-4194-9039-39F0448CC065} = {ED7C98CD-186C-476E-BD0F-8B2D8E4D451B}
		{B51FB0F9-CD9E-459D-BBD6-EC505E88993E} = {E1747418-8487-4BD3-B004-A3D22710A879}
		{6984C802-459C-4370-8271-5B5D27940843} = {E1747418-8487-4BD3-B004-A3D22710A879}
		{2077B1EE-52AF-4F35-8FB4-E3CFAC13D350} = {E1747418-8487-4BD3-B004-A3D22710A879}
		{1C84730B-6921-4267-8750-8BCE912406A1} = {185F4E8D-E25A-4696-86FB-33C474B01ADB}
		{62A21AAF-14E0-47F1-B74E-B68E88AEA7D9} = {1C84730B-6921-4267-8750-8BCE912406A1}
	EndGlobalSection
EndGlobal
